<?xml version="1.0" encoding="utf-8"?>
<Project ToolsVersion="4.0" xmlns="http://schemas.microsoft.com/developer/msbuild/2003">
  <ItemGroup>
    <Filter Include="Source Files">
      <UniqueIdentifier>{4FC737F1-C7A5-4376-A066-2A32D752A2FF}</UniqueIdentifier>
      <Extensions>cpp;c;cc;cxx;def;odl;idl;hpj;bat;asm;asmx</Extensions>
    </Filter>
    <Filter Include="Header Files">
      <UniqueIdentifier>{93995380-89BD-4b04-88EB-625FBE52EBFB}</UniqueIdentifier>
      <Extensions>h;hh;hpp;hxx;hm;inl;inc;xsd</Extensions>
    </Filter>
    <Filter Include="Resource Files">
      <UniqueIdentifier>{67DA6AB6-F800-4c08-8B7A-83BB121AAD01}</UniqueIdentifier>
      <Extensions>rc;ico;cur;bmp;dlg;rc2;rct;bin;rgs;gif;jpg;jpeg;jpe;resx;tiff;tif;png;wav;mfcribbon-ms</Extensions>
    </Filter>
  </ItemGroup>
  <ItemGroup>
    <ClCompile Include="main.cpp">
      <Filter>Source Files</Filter>
    </ClCompile>
    <ClCompile Include="Camera.cpp">
      <Filter>Source Files</Filter>
    </ClCompile>
    <ClCompile Include="EntityHandler.cpp">
      <Filter>Source Files</Filter>
    </ClCompile>
    <ClCompile Include="Game.cpp">
      <Filter>Source Files</Filter>
    </ClCompile>
    <ClCompile Include="Initializer.cpp">
      <Filter>Source Files</Filter>
    </ClCompile>
    <ClCompile Include="KeyInput.cpp">
      <Filter>Source Files</Filter>
    </ClCompile>
    <ClCompile Include="MouseButtonInput.cpp">
      <Filter>Source Files</Filter>
    </ClCompile>
    <ClCompile Include="MousePosInput.cpp">
      <Filter>Source Files</Filter>
    </ClCompile>
    <ClCompile Include="OBJLoader.cpp">
      <Filter>Source Files</Filter>
    </ClCompile>
    <ClCompile Include="Shader.cpp">
      <Filter>Source Files</Filter>
    </ClCompile>
    <ClCompile Include="ShaderHandler.cpp">
      <Filter>Source Files</Filter>
    </ClCompile>
    <ClCompile Include="ShaderUtils.cpp">
      <Filter>Source Files</Filter>
    </ClCompile>
    <ClCompile Include="VertexArrayObject.cpp">
      <Filter>Source Files</Filter>
    </ClCompile>
    <ClCompile Include="NoiseMapGenerator.cpp">
      <Filter>Source Files</Filter>
    </ClCompile>
    <ClCompile Include="noiseutils.cpp">
      <Filter>Source Files</Filter>
    </ClCompile>
    <ClCompile Include="libnoise\model\cylinder.cpp">
      <Filter>Source Files</Filter>
    </ClCompile>
    <ClCompile Include="libnoise\model\line.cpp">
      <Filter>Source Files</Filter>
    </ClCompile>
    <ClCompile Include="libnoise\model\plane.cpp">
      <Filter>Source Files</Filter>
    </ClCompile>
    <ClCompile Include="libnoise\model\sphere.cpp">
      <Filter>Source Files</Filter>
    </ClCompile>
    <ClCompile Include="libnoise\module\abs.cpp">
      <Filter>Source Files</Filter>
    </ClCompile>
    <ClCompile Include="libnoise\module\add.cpp">
      <Filter>Source Files</Filter>
    </ClCompile>
    <ClCompile Include="libnoise\module\billow.cpp">
      <Filter>Source Files</Filter>
    </ClCompile>
    <ClCompile Include="libnoise\module\blend.cpp">
      <Filter>Source Files</Filter>
    </ClCompile>
    <ClCompile Include="libnoise\module\cache.cpp">
      <Filter>Source Files</Filter>
    </ClCompile>
    <ClCompile Include="libnoise\module\checkerboard.cpp">
      <Filter>Source Files</Filter>
    </ClCompile>
    <ClCompile Include="libnoise\module\clamp.cpp">
      <Filter>Source Files</Filter>
    </ClCompile>
    <ClCompile Include="libnoise\module\const.cpp">
      <Filter>Source Files</Filter>
    </ClCompile>
    <ClCompile Include="libnoise\module\curve.cpp">
      <Filter>Source Files</Filter>
    </ClCompile>
    <ClCompile Include="libnoise\module\cylinders.cpp">
      <Filter>Source Files</Filter>
    </ClCompile>
    <ClCompile Include="libnoise\module\displace.cpp">
      <Filter>Source Files</Filter>
    </ClCompile>
    <ClCompile Include="libnoise\module\exponent.cpp">
      <Filter>Source Files</Filter>
    </ClCompile>
    <ClCompile Include="libnoise\module\invert.cpp">
      <Filter>Source Files</Filter>
    </ClCompile>
    <ClCompile Include="libnoise\module\max.cpp">
      <Filter>Source Files</Filter>
    </ClCompile>
    <ClCompile Include="libnoise\module\min.cpp">
      <Filter>Source Files</Filter>
    </ClCompile>
    <ClCompile Include="libnoise\module\modulebase.cpp">
      <Filter>Source Files</Filter>
    </ClCompile>
    <ClCompile Include="libnoise\module\multiply.cpp">
      <Filter>Source Files</Filter>
    </ClCompile>
    <ClCompile Include="libnoise\module\perlin.cpp">
      <Filter>Source Files</Filter>
    </ClCompile>
    <ClCompile Include="libnoise\module\power.cpp">
      <Filter>Source Files</Filter>
    </ClCompile>
    <ClCompile Include="libnoise\module\ridgedmulti.cpp">
      <Filter>Source Files</Filter>
    </ClCompile>
    <ClCompile Include="libnoise\module\rotatepoint.cpp">
      <Filter>Source Files</Filter>
    </ClCompile>
    <ClCompile Include="libnoise\module\scalebias.cpp">
      <Filter>Source Files</Filter>
    </ClCompile>
    <ClCompile Include="libnoise\module\scalepoint.cpp">
      <Filter>Source Files</Filter>
    </ClCompile>
    <ClCompile Include="libnoise\module\select.cpp">
      <Filter>Source Files</Filter>
    </ClCompile>
    <ClCompile Include="libnoise\module\spheres.cpp">
      <Filter>Source Files</Filter>
    </ClCompile>
    <ClCompile Include="libnoise\module\terrace.cpp">
      <Filter>Source Files</Filter>
    </ClCompile>
    <ClCompile Include="libnoise\module\translatepoint.cpp">
      <Filter>Source Files</Filter>
    </ClCompile>
    <ClCompile Include="libnoise\module\turbulence.cpp">
      <Filter>Source Files</Filter>
    </ClCompile>
    <ClCompile Include="libnoise\module\voronoi.cpp">
      <Filter>Source Files</Filter>
    </ClCompile>
    <ClCompile Include="libnoise\latlon.cpp">
      <Filter>Source Files</Filter>
    </ClCompile>
    <ClCompile Include="libnoise\noisegen.cpp">
      <Filter>Source Files</Filter>
    </ClCompile>
  </ItemGroup>
  <ItemGroup>
    <ClInclude Include="Camera.h">
      <Filter>Header Files</Filter>
    </ClInclude>
    <ClInclude Include="EntityHandler.h">
      <Filter>Header Files</Filter>
    </ClInclude>
    <ClInclude Include="Game.h">
      <Filter>Header Files</Filter>
    </ClInclude>
    <ClInclude Include="Initializer.h">
      <Filter>Header Files</Filter>
    </ClInclude>
    <ClInclude Include="KeyInput.h">
      <Filter>Header Files</Filter>
    </ClInclude>
    <ClInclude Include="MouseButtonInput.h">
      <Filter>Header Files</Filter>
    </ClInclude>
    <ClInclude Include="MousePosInput.h">
      <Filter>Header Files</Filter>
    </ClInclude>
    <ClInclude Include="OBJLoader.h">
      <Filter>Header Files</Filter>
    </ClInclude>
    <ClInclude Include="Shader.h">
      <Filter>Header Files</Filter>
    </ClInclude>
    <ClInclude Include="ShaderHandler.h">
      <Filter>Header Files</Filter>
    </ClInclude>
    <ClInclude Include="ShaderUtils.h">
      <Filter>Header Files</Filter>
    </ClInclude>
    <ClInclude Include="VertexArrayObject.h">
      <Filter>Header Files</Filter>
    </ClInclude>
    <ClInclude Include="NoiseMapGenerator.h">
      <Filter>Header Files</Filter>
    </ClInclude>
    <ClInclude Include="noiseutils.h">
      <Filter>Header Files</Filter>
    </ClInclude>
    <ClInclude Include="libnoise\model\cylinder.h">
      <Filter>Header Files</Filter>
    </ClInclude>
    <ClInclude Include="libnoise\model\line.h">
      <Filter>Header Files</Filter>
    </ClInclude>
    <ClInclude Include="libnoise\model\model.h">
      <Filter>Header Files</Filter>
    </ClInclude>
    <ClInclude Include="libnoise\model\plane.h">
      <Filter>Header Files</Filter>
    </ClInclude>
    <ClInclude Include="libnoise\model\sphere.h">
      <Filter>Header Files</Filter>
    </ClInclude>
    <ClInclude Include="libnoise\module\abs.h">
      <Filter>Header Files</Filter>
    </ClInclude>
    <ClInclude Include="libnoise\module\add.h">
      <Filter>Header Files</Filter>
    </ClInclude>
    <ClInclude Include="libnoise\module\billow.h">
      <Filter>Header Files</Filter>
    </ClInclude>
    <ClInclude Include="libnoise\module\blend.h">
      <Filter>Header Files</Filter>
    </ClInclude>
    <ClInclude Include="libnoise\module\cache.h">
      <Filter>Header Files</Filter>
    </ClInclude>
    <ClInclude Include="libnoise\module\checkerboard.h">
      <Filter>Header Files</Filter>
    </ClInclude>
    <ClInclude Include="libnoise\module\clamp.h">
      <Filter>Header Files</Filter>
    </ClInclude>
    <ClInclude Include="libnoise\module\const.h">
      <Filter>Header Files</Filter>
    </ClInclude>
    <ClInclude Include="libnoise\module\curve.h">
      <Filter>Header Files</Filter>
    </ClInclude>
    <ClInclude Include="libnoise\module\cylinders.h">
      <Filter>Header Files</Filter>
    </ClInclude>
    <ClInclude Include="libnoise\module\displace.h">
      <Filter>Header Files</Filter>
    </ClInclude>
    <ClInclude Include="libnoise\module\exponent.h">
      <Filter>Header Files</Filter>
    </ClInclude>
    <ClInclude Include="libnoise\module\invert.h">
      <Filter>Header Files</Filter>
    </ClInclude>
    <ClInclude Include="libnoise\module\max.h">
      <Filter>Header Files</Filter>
    </ClInclude>
    <ClInclude Include="libnoise\module\min.h">
      <Filter>Header Files</Filter>
    </ClInclude>
    <ClInclude Include="libnoise\module\module.h">
      <Filter>Header Files</Filter>
    </ClInclude>
    <ClInclude Include="libnoise\module\modulebase.h">
      <Filter>Header Files</Filter>
    </ClInclude>
    <ClInclude Include="libnoise\module\multiply.h">
      <Filter>Header Files</Filter>
    </ClInclude>
    <ClInclude Include="libnoise\module\perlin.h">
      <Filter>Header Files</Filter>
    </ClInclude>
    <ClInclude Include="libnoise\module\power.h">
      <Filter>Header Files</Filter>
    </ClInclude>
    <ClInclude Include="libnoise\module\ridgedmulti.h">
      <Filter>Header Files</Filter>
    </ClInclude>
    <ClInclude Include="libnoise\module\rotatepoint.h">
      <Filter>Header Files</Filter>
    </ClInclude>
    <ClInclude Include="libnoise\module\scalebias.h">
      <Filter>Header Files</Filter>
    </ClInclude>
    <ClInclude Include="libnoise\module\scalepoint.h">
      <Filter>Header Files</Filter>
    </ClInclude>
    <ClInclude Include="libnoise\module\select.h">
      <Filter>Header Files</Filter>
    </ClInclude>
    <ClInclude Include="libnoise\module\spheres.h">
      <Filter>Header Files</Filter>
    </ClInclude>
    <ClInclude Include="libnoise\module\terrace.h">
      <Filter>Header Files</Filter>
    </ClInclude>
    <ClInclude Include="libnoise\module\translatepoint.h">
      <Filter>Header Files</Filter>
    </ClInclude>
    <ClInclude Include="libnoise\module\turbulence.h">
      <Filter>Header Files</Filter>
    </ClInclude>
    <ClInclude Include="libnoise\module\voronoi.h">
      <Filter>Header Files</Filter>
    </ClInclude>
    <ClInclude Include="libnoise\basictypes.h">
      <Filter>Header Files</Filter>
    </ClInclude>
    <ClInclude Include="libnoise\exception.h">
      <Filter>Header Files</Filter>
    </ClInclude>
    <ClInclude Include="libnoise\interp.h">
      <Filter>Header Files</Filter>
    </ClInclude>
    <ClInclude Include="libnoise\latlon.h">
      <Filter>Header Files</Filter>
    </ClInclude>
    <ClInclude Include="libnoise\mathconsts.h">
      <Filter>Header Files</Filter>
    </ClInclude>
    <ClInclude Include="libnoise\misc.h">
      <Filter>Header Files</Filter>
    </ClInclude>
    <ClInclude Include="libnoise\noise.h">
      <Filter>Header Files</Filter>
    </ClInclude>
    <ClInclude Include="libnoise\noisegen.h">
      <Filter>Header Files</Filter>
    </ClInclude>
    <ClInclude Include="libnoise\vectortable.h">
      <Filter>Header Files</Filter>
    </ClInclude>
  </ItemGroup>
  <ItemGroup>
    <None Include="planet.frag">
      <Filter>Source Files</Filter>
    </None>
    <None Include="terrain.frag">
      <Filter>Source Files</Filter>
    </None>
    <None Include="planet.vert">
      <Filter>Source Files</Filter>
    </None>
    <None Include="terrain.vert">
      <Filter>Source Files</Filter>
    </None>
  </ItemGroup>
</Project>